
Microsoft Visual Studio Solution File, Format Version 12.00
# Visual Studio Version 17
VisualStudioVersion = 17.5.002.0
MinimumVisualStudioVersion = 10.0.40219.1
Project("{9A19103F-16F7-4668-BE54-9A1E7A4F7556}") = "FirstWPF", "FirstWPF.csproj", "{7B22C580-24FA-43DC-AF2C-7CF0CC03F6BB}"
EndProject
Global
	GlobalSection(SolutionConfigurationPlatforms) = preSolution
		Debug|Any CPU = Debug|Any CPU
		Release|Any CPU = Release|Any CPU
	EndGlobalSection
	GlobalSection(ProjectConfigurationPlatforms) = postSolution
		{7B22C580-24FA-43DC-AF2C-7CF0CC03F6BB}.Debug|Any CPU.ActiveCfg = Debug|Any CPU
		{7B22C580-24FA-43DC-AF2C-7CF0CC03F6BB}.Debug|Any CPU.Build.0 = Debug|Any CPU
		{7B22C580-24FA-43DC-AF2C-7CF0CC03F6BB}.Release|Any CPU.ActiveCfg = Release|Any CPU
		{7B22C580-24FA-43DC-AF2C-7CF0CC03F6BB}.Release|Any CPU.Build.0 = Release|Any CPU
	EndGlobalSection
	GlobalSection(SolutionProperties) = preSolution
		HideSolutionNode = FALSE
	EndGlobalSection
	GlobalSection(ExtensibilityGlobals) = postSolution
		SolutionGuid = {15018B88-AB48-4208-9D25-682711E9CC33}
	EndGlobalSection
EndGlobal
